
Microsoft Visual Studio Solution File, Format Version 12.00
# Visual Studio Version 17
VisualStudioVersion = 17.13.35931.197
MinimumVisualStudioVersion = 10.0.40219.1
Project("{FAE04EC0-301F-11D3-BF4B-00C04F79EFBC}") = "ToDoAPI", "WebApplication1\ToDoAPI.csproj", "{F97CEA8E-2412-4943-BC29-BE2121CFAF64}"
EndProject
Project("{FAE04EC0-301F-11D3-BF4B-00C04F79EFBC}") = "ToDoAPI.Tests", "ToDoAPI.Tests\ToDoAPI.Tests.csproj", "{DA840385-E6A0-47A0-9BC3-84AFC2BB1727}"
EndProject
Global
	GlobalSection(SolutionConfigurationPlatforms) = preSolution
		Debug|Any CPU = Debug|Any CPU
		Release|Any CPU = Release|Any CPU
	EndGlobalSection
	GlobalSection(ProjectConfigurationPlatforms) = postSolution
		{F97CEA8E-2412-4943-BC29-BE2121CFAF64}.Debug|Any CPU.ActiveCfg = Debug|Any CPU
		{F97CEA8E-2412-4943-BC29-BE2121CFAF64}.Debug|Any CPU.Build.0 = Debug|Any CPU
		{F97CEA8E-2412-4943-BC29-BE2121CFAF64}.Release|Any CPU.ActiveCfg = Release|Any CPU
		{F97CEA8E-2412-4943-BC29-BE2121CFAF64}.Release|Any CPU.Build.0 = Release|Any CPU
		{DA840385-E6A0-47A0-9BC3-84AFC2BB1727}.Debug|Any CPU.ActiveCfg = Debug|Any CPU
		{DA840385-E6A0-47A0-9BC3-84AFC2BB1727}.Debug|Any CPU.Build.0 = Debug|Any CPU
		{DA840385-E6A0-47A0-9BC3-84AFC2BB1727}.Release|Any CPU.ActiveCfg = Release|Any CPU
		{DA840385-E6A0-47A0-9BC3-84AFC2BB1727}.Release|Any CPU.Build.0 = Release|Any CPU
	EndGlobalSection
	GlobalSection(SolutionProperties) = preSolution
		HideSolutionNode = FALSE
	EndGlobalSection
	GlobalSection(ExtensibilityGlobals) = postSolution
		SolutionGuid = {B682865D-530B-44D3-8834-428F8CE379D0}
	EndGlobalSection
EndGlobal
